
Microsoft Visual Studio Solution File, Format Version 12.00
# Visual Studio Version 17
VisualStudioVersion = 17.5.33502.453
MinimumVisualStudioVersion = 10.0.40219.1
Project("{FAE04EC0-301F-11D3-BF4B-00C04F79EFBC}") = "ConsoleApp1", "ConsoleApp1\ConsoleApp1.csproj", "{D7A6CA47-5B0A-4DC4-AA47-6CDE9EED9DBC}"
EndProject
Global
	GlobalSection(SolutionConfigurationPlatforms) = preSolution
		Debug|Any CPU = Debug|Any CPU
		Release|Any CPU = Release|Any CPU
	EndGlobalSection
	GlobalSection(ProjectConfigurationPlatforms) = postSolution
		{D7A6CA47-5B0A-4DC4-AA47-6CDE9EED9DBC}.Debug|Any CPU.ActiveCfg = Debug|Any CPU
		{D7A6CA47-5B0A-4DC4-AA47-6CDE9EED9DBC}.Debug|Any CPU.Build.0 = Debug|Any CPU
		{D7A6CA47-5B0A-4DC4-AA47-6CDE9EED9DBC}.Release|Any CPU.ActiveCfg = Release|Any CPU
		{D7A6CA47-5B0A-4DC4-AA47-6CDE9EED9DBC}.Release|Any CPU.Build.0 = Release|Any CPU
	EndGlobalSection
	GlobalSection(SolutionProperties) = preSolution
		HideSolutionNode = FALSE
	EndGlobalSection
	GlobalSection(ExtensibilityGlobals) = postSolution
		SolutionGuid = {3E502E1D-0C37-416D-8674-EB27EC14646C}
	EndGlobalSection
EndGlobal
